# This file was autogenerated by Stack.
# You should not edit this file by hand.
# For more information, please see the documentation at:
#   https://docs.haskellstack.org/en/stable/lock_files

packages:
- completed:
    hackage: gi-cairo-render-0.1.0@sha256:cb27b31b373c55c5b384a331e439d1ebc2fb3e02c8a58c9bfb83218d5467af2b,3553
    pantry-tree:
      size: 1655
      sha256: 5cf0f21a23e2d49a50b0f46078890160d982469ff108d7a142eefa165347dc32
  original:
    hackage: gi-cairo-render-0.1.0
- completed:
    hackage: gi-cairo-connector-0.1.0@sha256:a79c34c4f22f81a938c5835f623de55fdf1f0f08435897bad68f58e01ffd1464,1213
    pantry-tree:
      size: 238
      sha256: 4414eca6922175779e3ec5d0eb932ee0d10307217a32ff6671a8f5efdd1bc4f0
  original:
    hackage: gi-cairo-connector-0.1.0
- completed:
    hackage: gi-gdk-4.0.3@sha256:de4e750445727d94238da2d94714a60fd7c941ec7463e4f54ca5e633807cdaa5,8932
    pantry-tree:
      size: 355
      sha256: ff85fa6a5a44e3fc1b8450165ca9f2f8180258350c66511a1ccb5e10b3bedf60
  original:
    hackage: gi-gdk-4.0.3
- completed:
    hackage: gi-gsk-4.0.3@sha256:d7486678c2341655b6c6c65465c0121171660e15326d2abcf10443ec796fdcac,7118
    pantry-tree:
      size: 353
      sha256: 30f595d05a0c776c7ba86e8a336e7d7a3499ddb0cab00f2a265a2ec09416e741
  original:
    hackage: gi-gsk-4.0.3
- completed:
    hackage: gi-gtk-4.0.4@sha256:93774442cb48403b4e1c561015eb8e12466bf1ad237d237be6827554d7cb0bb7,34046
    pantry-tree:
      size: 357
      sha256: 2f42fad42e7db22880029a3478f44f9ff0f373f23c2d1cf7b5c4f4d4161cfc8b
  original:
    hackage: gi-gtk-4.0.4
snapshots:
- completed:
    size: 586069
    url: https://raw.githubusercontent.com/commercialhaskell/stackage-snapshots/master/lts/18/14.yaml
    sha256: 87842ecbaa8ca9cee59a7e6be52369dbed82ed075cb4e0d152614a627e8fd488
  original: lts-18.14
