# This file was autogenerated by Stack.
# You should not edit this file by hand.
# For more information, please see the documentation at:
#   https://docs.haskellstack.org/en/stable/lock_files

packages:
- completed:
    name: Agda
    version: 2.6.3
    git: https://github.com/MxmUrw/agda.git
    pantry-tree:
      size: 705672
      sha256: 2f3bb1d21e0e01009338f171e00c999af5ecc99f0b0d022bff601c1f6933e16c
    commit: 1163a8432a7f4659cecf2fed87db65de26628fb8
  original:
    git: https://github.com/MxmUrw/agda.git
    commit: 1163a8432a7f4659cecf2fed87db65de26628fb8
snapshots:
- completed:
    size: 468996
    url: https://raw.githubusercontent.com/commercialhaskell/stackage-snapshots/master/nightly/2021/6/19.yaml
    sha256: 3f6833c2dc01fff47f10cf1493b42b3d1d1b017c74b3829eb5bd937e74fb879d
  original: nightly-2021-06-19
